// !$*UTF8*$!
{
	archiveVersion = 1;
	classes = {
	};
	objectVersion = 56;
	objects = {

/* Begin PBXBuildFile section */
		EF2ABD29291E737200A5F7FB /* JsonModel.swift in Sources */ = {isa = PBXBuildFile; fileRef = EF2ABD28291E737200A5F7FB /* JsonModel.swift */; };
		EF2ABD2D291E79E300A5F7FB /* DetailPage.swift in Sources */ = {isa = PBXBuildFile; fileRef = EF2ABD2C291E79E300A5F7FB /* DetailPage.swift */; };
		EFB3E1AD291E502400EA0747 /* FruitTrackerApp.swift in Sources */ = {isa = PBXBuildFile; fileRef = EFB3E1AC291E502400EA0747 /* FruitTrackerApp.swift */; };
		EFB3E1AF291E502400EA0747 /* FruitTrackerView.swift in Sources */ = {isa = PBXBuildFile; fileRef = EFB3E1AE291E502400EA0747 /* FruitTrackerView.swift */; };
		EFB3E1B1291E502500EA0747 /* Assets.xcassets in Resources */ = {isa = PBXBuildFile; fileRef = EFB3E1B0291E502500EA0747 /* Assets.xcassets */; };
		EFB3E1B4291E502500EA0747 /* Preview Assets.xcassets in Resources */ = {isa = PBXBuildFile; fileRef = EFB3E1B3291E502500EA0747 /* Preview Assets.xcassets */; };
		EFB3E1BD291E550800EA0747 /* HomeView.swift in Sources */ = {isa = PBXBuildFile; fileRef = EFB3E1BC291E550800EA0747 /* HomeView.swift */; };
		EFB3E1BF291E552D00EA0747 /* ListView.swift in Sources */ = {isa = PBXBuildFile; fileRef = EFB3E1BE291E552D00EA0747 /* ListView.swift */; };
		EFB3E1C1291E556000EA0747 /* CategoriesView.swift in Sources */ = {isa = PBXBuildFile; fileRef = EFB3E1C0291E556000EA0747 /* CategoriesView.swift */; };
		EFB3E1C3291E558800EA0747 /* LogView.swift in Sources */ = {isa = PBXBuildFile; fileRef = EFB3E1C2291E558800EA0747 /* LogView.swift */; };
/* End PBXBuildFile section */

/* Begin PBXFileReference section */
		EF2ABD28291E737200A5F7FB /* JsonModel.swift */ = {isa = PBXFileReference; lastKnownFileType = sourcecode.swift; path = JsonModel.swift; sourceTree = "<group>"; };
		EF2ABD2C291E79E300A5F7FB /* DetailPage.swift */ = {isa = PBXFileReference; lastKnownFileType = sourcecode.swift; path = DetailPage.swift; sourceTree = "<group>"; };
		EFB3E1A9291E502400EA0747 /* FruitTracker.app */ = {isa = PBXFileReference; explicitFileType = wrapper.application; includeInIndex = 0; path = FruitTracker.app; sourceTree = BUILT_PRODUCTS_DIR; };
		EFB3E1AC291E502400EA0747 /* FruitTrackerApp.swift */ = {isa = PBXFileReference; lastKnownFileType = sourcecode.swift; path = FruitTrackerApp.swift; sourceTree = "<group>"; };
		EFB3E1AE291E502400EA0747 /* FruitTrackerView.swift */ = {isa = PBXFileReference; lastKnownFileType = sourcecode.swift; path = FruitTrackerView.swift; sourceTree = "<group>"; };
		EFB3E1B0291E502500EA0747 /* Assets.xcassets */ = {isa = PBXFileReference; lastKnownFileType = folder.assetcatalog; path = Assets.xcassets; sourceTree = "<group>"; };
		EFB3E1B3291E502500EA0747 /* Preview Assets.xcassets */ = {isa = PBXFileReference; lastKnownFileType = folder.assetcatalog; path = "Preview Assets.xcassets"; sourceTree = "<group>"; };
		EFB3E1BC291E550800EA0747 /* HomeView.swift */ = {isa = PBXFileReference; lastKnownFileType = sourcecode.swift; path = HomeView.swift; sourceTree = "<group>"; };
		EFB3E1BE291E552D00EA0747 /* ListView.swift */ = {isa = PBXFileReference; lastKnownFileType = sourcecode.swift; path = ListView.swift; sourceTree = "<group>"; };
		EFB3E1C0291E556000EA0747 /* CategoriesView.swift */ = {isa = PBXFileReference; lastKnownFileType = sourcecode.swift; path = CategoriesView.swift; sourceTree = "<group>"; };
		EFB3E1C2291E558800EA0747 /* LogView.swift */ = {isa = PBXFileReference; lastKnownFileType = sourcecode.swift; path = LogView.swift; sourceTree = "<group>"; };
/* End PBXFileReference section */

/* Begin PBXFrameworksBuildPhase section */
		EFB3E1A6291E502400EA0747 /* Frameworks */ = {
			isa = PBXFrameworksBuildPhase;
			buildActionMask = 2147483647;
			files = (
			);
			runOnlyForDeploymentPostprocessing = 0;
		};
/* End PBXFrameworksBuildPhase section */

/* Begin PBXGroup section */
		EFB3E1A0291E502400EA0747 = {
			isa = PBXGroup;
			children = (
				EFB3E1AB291E502400EA0747 /* FruitTracker */,
				EFB3E1AA291E502400EA0747 /* Products */,
			);
			sourceTree = "<group>";
		};
		EFB3E1AA291E502400EA0747 /* Products */ = {
			isa = PBXGroup;
			children = (
				EFB3E1A9291E502400EA0747 /* FruitTracker.app */,
			);
			name = Products;
			sourceTree = "<group>";
		};
		EFB3E1AB291E502400EA0747 /* FruitTracker */ = {
			isa = PBXGroup;
			children = (
				EFB3E1AC291E502400EA0747 /* FruitTrackerApp.swift */,
				EFB3E1AE291E502400EA0747 /* FruitTrackerView.swift */,
				EFB3E1BA291E507200EA0747 /* Views */,
				EFB3E1C4291E560600EA0747 /* Components */,
				EFB3E1BB291E507800EA0747 /* Data */,
				EFB3E1B0291E502500EA0747 /* Assets.xcassets */,
				EFB3E1B2291E502500EA0747 /* Preview Content */,
			);
			path = FruitTracker;
			sourceTree = "<group>";
		};
		EFB3E1B2291E502500EA0747 /* Preview Content */ = {
			isa = PBXGroup;
			children = (
				EFB3E1B3291E502500EA0747 /* Preview Assets.xcassets */,
			);
			path = "Preview Content";
			sourceTree = "<group>";
		};
		EFB3E1BA291E507200EA0747 /* Views */ = {
			isa = PBXGroup;
			children = (
				EFB3E1C2291E558800EA0747 /* LogView.swift */,
				EFB3E1BC291E550800EA0747 /* HomeView.swift */,
				EF2ABD2C291E79E300A5F7FB /* DetailPage.swift */,
				EFB3E1BE291E552D00EA0747 /* ListView.swift */,
				EFB3E1C0291E556000EA0747 /* CategoriesView.swift */,
			);
			path = Views;
			sourceTree = "<group>";
		};
		EFB3E1BB291E507800EA0747 /* Data */ = {
			isa = PBXGroup;
			children = (
				EF2ABD28291E737200A5F7FB /* JsonModel.swift */,
			);
			path = Data;
			sourceTree = "<group>";
		};
		EFB3E1C4291E560600EA0747 /* Components */ = {
			isa = PBXGroup;
			children = (
			);
			path = Components;
			sourceTree = "<group>";
		};
/* End PBXGroup section */

/* Begin PBXNativeTarget section */
		EFB3E1A8291E502400EA0747 /* FruitTracker */ = {
			isa = PBXNativeTarget;
			buildConfigurationList = EFB3E1B7291E502500EA0747 /* Build configuration list for PBXNativeTarget "FruitTracker" */;
			buildPhases = (
				EFB3E1A5291E502400EA0747 /* Sources */,
				EFB3E1A6291E502400EA0747 /* Frameworks */,
				EFB3E1A7291E502400EA0747 /* Resources */,
			);
			buildRules = (
			);
			dependencies = (
			);
			name = FruitTracker;
			productName = FruitTracker;
			productReference = EFB3E1A9291E502400EA0747 /* FruitTracker.app */;
			productType = "com.apple.product-type.application";
		};
/* End PBXNativeTarget section */

/* Begin PBXProject section */
		EFB3E1A1291E502400EA0747 /* Project object */ = {
			isa = PBXProject;
			attributes = {
				BuildIndependentTargetsInParallel = 1;
				LastSwiftUpdateCheck = 1410;
				LastUpgradeCheck = 1410;
				TargetAttributes = {
					EFB3E1A8291E502400EA0747 = {
						CreatedOnToolsVersion = 14.1;
					};
				};
			};
			buildConfigurationList = EFB3E1A4291E502400EA0747 /* Build configuration list for PBXProject "FruitTracker" */;
			compatibilityVersion = "Xcode 14.0";
			developmentRegion = en;
			hasScannedForEncodings = 0;
			knownRegions = (
				en,
				Base,
			);
			mainGroup = EFB3E1A0291E502400EA0747;
			productRefGroup = EFB3E1AA291E502400EA0747 /* Products */;
			projectDirPath = "";
			projectRoot = "";
			targets = (
				EFB3E1A8291E502400EA0747 /* FruitTracker */,
			);
		};
/* End PBXProject section */

/* Begin PBXResourcesBuildPhase section */
		EFB3E1A7291E502400EA0747 /* Resources */ = {
			isa = PBXResourcesBuildPhase;
			buildActionMask = 2147483647;
			files = (
				EFB3E1B4291E502500EA0747 /* Preview Assets.xcassets in Resources */,
				EFB3E1B1291E502500EA0747 /* Assets.xcassets in Resources */,
			);
			runOnlyForDeploymentPostprocessing = 0;
		};
/* End PBXResourcesBuildPhase section */

/* Begin PBXSourcesBuildPhase section */
		EFB3E1A5291E502400EA0747 /* Sources */ = {
			isa = PBXSourcesBuildPhase;
			buildActionMask = 2147483647;
			files = (
				EFB3E1BD291E550800EA0747 /* HomeView.swift in Sources */,
				EFB3E1AF291E502400EA0747 /* FruitTrackerView.swift in Sources */,
				EFB3E1C3291E558800EA0747 /* LogView.swift in Sources */,
				EF2ABD2D291E79E300A5F7FB /* DetailPage.swift in Sources */,
				EFB3E1AD291E502400EA0747 /* FruitTrackerApp.swift in Sources */,
				EFB3E1BF291E552D00EA0747 /* ListView.swift in Sources */,
				EF2ABD29291E737200A5F7FB /* JsonModel.swift in Sources */,
				EFB3E1C1291E556000EA0747 /* CategoriesView.swift in Sources */,
			);
			runOnlyForDeploymentPostprocessing = 0;
		};
/* End PBXSourcesBuildPhase section */

/* Begin XCBuildConfiguration section */
		EFB3E1B5291E502500EA0747 /* Debug */ = {
			isa = XCBuildConfiguration;
			buildSettings = {
				ALWAYS_SEARCH_USER_PATHS = NO;
				CLANG_ANALYZER_NONNULL = YES;
				CLANG_ANALYZER_NUMBER_OBJECT_CONVERSION = YES_AGGRESSIVE;
				CLANG_CXX_LANGUAGE_STANDARD = "gnu++20";
				CLANG_ENABLE_MODULES = YES;
				CLANG_ENABLE_OBJC_ARC = YES;
				CLANG_ENABLE_OBJC_WEAK = YES;
				CLANG_WARN_BLOCK_CAPTURE_AUTORELEASING = YES;
				CLANG_WARN_BOOL_CONVERSION = YES;
				CLANG_WARN_COMMA = YES;
				CLANG_WARN_CONSTANT_CONVERSION = YES;
				CLANG_WARN_DEPRECATED_OBJC_IMPLEMENTATIONS = YES;
				CLANG_WARN_DIRECT_OBJC_ISA_USAGE = YES_ERROR;
				CLANG_WARN_DOCUMENTATION_COMMENTS = YES;
				CLANG_WARN_EMPTY_BODY = YES;
				CLANG_WARN_ENUM_CONVERSION = YES;
				CLANG_WARN_INFINITE_RECURSION = YES;
				CLANG_WARN_INT_CONVERSION = YES;
				CLANG_WARN_NON_LITERAL_NULL_CONVERSION = YES;
				CLANG_WARN_OBJC_IMPLICIT_RETAIN_SELF = YES;
				CLANG_WARN_OBJC_LITERAL_CONVERSION = YES;
				CLANG_WARN_OBJC_ROOT_CLASS = YES_ERROR;
				CLANG_WARN_QUOTED_INCLUDE_IN_FRAMEWORK_HEADER = YES;
				CLANG_WARN_RANGE_LOOP_ANALYSIS = YES;
				CLANG_WARN_STRICT_PROTOTYPES = YES;
				CLANG_WARN_SUSPICIOUS_MOVE = YES;
				CLANG_WARN_UNGUARDED_AVAILABILITY = YES_AGGRESSIVE;
				CLANG_WARN_UNREACHABLE_CODE = YES;
				CLANG_WARN__DUPLICATE_METHOD_MATCH = YES;
				COPY_PHASE_STRIP = NO;
				DEBUG_INFORMATION_FORMAT = dwarf;
				ENABLE_STRICT_OBJC_MSGSEND = YES;
				ENABLE_TESTABILITY = YES;
				GCC_C_LANGUAGE_STANDARD = gnu11;
				GCC_DYNAMIC_NO_PIC = NO;
				GCC_NO_COMMON_BLOCKS = YES;
				GCC_OPTIMIZATION_LEVEL = 0;
				GCC_PREPROCESSOR_DEFINITIONS = (
					"DEBUG=1",
					"$(inherited)",
				);
				GCC_WARN_64_TO_32_BIT_CONVERSION = YES;
				GCC_WARN_ABOUT_RETURN_TYPE = YES_ERROR;
				GCC_WARN_UNDECLARED_SELECTOR = YES;
				GCC_WARN_UNINITIALIZED_AUTOS = YES_AGGRESSIVE;
				GCC_WARN_UNUSED_FUNCTION = YES;
				GCC_WARN_UNUSED_VARIABLE = YES;
				IPHONEOS_DEPLOYMENT_TARGET = 16.1;
				MTL_ENABLE_DEBUG_INFO = INCLUDE_SOURCE;
				MTL_FAST_MATH = YES;
				ONLY_ACTIVE_ARCH = YES;
				SDKROOT = iphoneos;
				SWIFT_ACTIVE_COMPILATION_CONDITIONS = DEBUG;
				SWIFT_OPTIMIZATION_LEVEL = "-Onone";
			};
			name = Debug;
		};
		EFB3E1B6291E502500EA0747 /* Release */ = {
			isa = XCBuildConfiguration;
			buildSettings = {
				ALWAYS_SEARCH_USER_PATHS = NO;
				CLANG_ANALYZER_NONNULL = YES;
				CLANG_ANALYZER_NUMBER_OBJECT_CONVERSION = YES_AGGRESSIVE;
				CLANG_CXX_LANGUAGE_STANDARD = "gnu++20";
				CLANG_ENABLE_MODULES = YES;
				CLANG_ENABLE_OBJC_ARC = YES;
				CLANG_ENABLE_OBJC_WEAK = YES;
				CLANG_WARN_BLOCK_CAPTURE_AUTORELEASING = YES;
				CLANG_WARN_BOOL_CONVERSION = YES;
				CLANG_WARN_COMMA = YES;
				CLANG_WARN_CONSTANT_CONVERSION = YES;
				CLANG_WARN_DEPRECATED_OBJC_IMPLEMENTATIONS = YES;
				CLANG_WARN_DIRECT_OBJC_ISA_USAGE = YES_ERROR;
				CLANG_WARN_DOCUMENTATION_COMMENTS = YES;
				CLANG_WARN_EMPTY_BODY = YES;
				CLANG_WARN_ENUM_CONVERSION = YES;
				CLANG_WARN_INFINITE_RECURSION = YES;
				CLANG_WARN_INT_CONVERSION = YES;
				CLANG_WARN_NON_LITERAL_NULL_CONVERSION = YES;
				CLANG_WARN_OBJC_IMPLICIT_RETAIN_SELF = YES;
				CLANG_WARN_OBJC_LITERAL_CONVERSION = YES;
				CLANG_WARN_OBJC_ROOT_CLASS = YES_ERROR;
				CLANG_WARN_QUOTED_INCLUDE_IN_FRAMEWORK_HEADER = YES;
				CLANG_WARN_RANGE_LOOP_ANALYSIS = YES;
				CLANG_WARN_STRICT_PROTOTYPES = YES;
				CLANG_WARN_SUSPICIOUS_MOVE = YES;
				CLANG_WARN_UNGUARDED_AVAILABILITY = YES_AGGRESSIVE;
				CLANG_WARN_UNREACHABLE_CODE = YES;
				CLANG_WARN__DUPLICATE_METHOD_MATCH = YES;
				COPY_PHASE_STRIP = NO;
				DEBUG_INFORMATION_FORMAT = "dwarf-with-dsym";
				ENABLE_NS_ASSERTIONS = NO;
				ENABLE_STRICT_OBJC_MSGSEND = YES;
				GCC_C_LANGUAGE_STANDARD = gnu11;
				GCC_NO_COMMON_BLOCKS = YES;
				GCC_WARN_64_TO_32_BIT_CONVERSION = YES;
				GCC_WARN_ABOUT_RETURN_TYPE = YES_ERROR;
				GCC_WARN_UNDECLARED_SELECTOR = YES;
				GCC_WARN_UNINITIALIZED_AUTOS = YES_AGGRESSIVE;
				GCC_WARN_UNUSED_FUNCTION = YES;
				GCC_WARN_UNUSED_VARIABLE = YES;
				IPHONEOS_DEPLOYMENT_TARGET = 16.1;
				MTL_ENABLE_DEBUG_INFO = NO;
				MTL_FAST_MATH = YES;
				SDKROOT = iphoneos;
				SWIFT_COMPILATION_MODE = wholemodule;
				SWIFT_OPTIMIZATION_LEVEL = "-O";
				VALIDATE_PRODUCT = YES;
			};
			name = Release;
		};
		EFB3E1B8291E502500EA0747 /* Debug */ = {
			isa = XCBuildConfiguration;
			buildSettings = {
				ASSETCATALOG_COMPILER_APPICON_NAME = AppIcon;
				ASSETCATALOG_COMPILER_GLOBAL_ACCENT_COLOR_NAME = AccentColor;
				CODE_SIGN_STYLE = Automatic;
				CURRENT_PROJECT_VERSION = 1;
				DEVELOPMENT_ASSET_PATHS = "\"FruitTracker/Preview Content\"";
				ENABLE_PREVIEWS = YES;
				GENERATE_INFOPLIST_FILE = YES;
				INFOPLIST_KEY_UIApplicationSceneManifest_Generation = YES;
				INFOPLIST_KEY_UIApplicationSupportsIndirectInputEvents = YES;
				INFOPLIST_KEY_UILaunchScreen_Generation = YES;
				INFOPLIST_KEY_UISupportedInterfaceOrientations_iPad = "UIInterfaceOrientationPortrait UIInterfaceOrientationPortraitUpsideDown UIInterfaceOrientationLandscapeLeft UIInterfaceOrientationLandscapeRight";
				INFOPLIST_KEY_UISupportedInterfaceOrientations_iPhone = "UIInterfaceOrientationPortrait UIInterfaceOrientationLandscapeLeft UIInterfaceOrientationLandscapeRight";
				LD_RUNPATH_SEARCH_PATHS = (
					"$(inherited)",
					"@executable_path/Frameworks",
				);
				MARKETING_VERSION = 1.0;
				PRODUCT_BUNDLE_IDENTIFIER = com.baker.FruitTracker;
				PRODUCT_NAME = "$(TARGET_NAME)";
				SWIFT_EMIT_LOC_STRINGS = YES;
				SWIFT_VERSION = 5.0;
				TARGETED_DEVICE_FAMILY = "1,2";
			};
			name = Debug;
		};
		EFB3E1B9291E502500EA0747 /* Release */ = {
			isa = XCBuildConfiguration;
			buildSettings = {
				ASSETCATALOG_COMPILER_APPICON_NAME = AppIcon;
				ASSETCATALOG_COMPILER_GLOBAL_ACCENT_COLOR_NAME = AccentColor;
				CODE_SIGN_STYLE = Automatic;
				CURRENT_PROJECT_VERSION = 1;
				DEVELOPMENT_ASSET_PATHS = "\"FruitTracker/Preview Content\"";
				ENABLE_PREVIEWS = YES;
				GENERATE_INFOPLIST_FILE = YES;
				INFOPLIST_KEY_UIApplicationSceneManifest_Generation = YES;
				INFOPLIST_KEY_UIApplicationSupportsIndirectInputEvents = YES;
				INFOPLIST_KEY_UILaunchScreen_Generation = YES;
				INFOPLIST_KEY_UISupportedInterfaceOrientations_iPad = "UIInterfaceOrientationPortrait UIInterfaceOrientationPortraitUpsideDown UIInterfaceOrientationLandscapeLeft UIInterfaceOrientationLandscapeRight";
				INFOPLIST_KEY_UISupportedInterfaceOrientations_iPhone = "UIInterfaceOrientationPortrait UIInterfaceOrientationLandscapeLeft UIInterfaceOrientationLandscapeRight";
				LD_RUNPATH_SEARCH_PATHS = (
					"$(inherited)",
					"@executable_path/Frameworks",
				);
				MARKETING_VERSION = 1.0;
				PRODUCT_BUNDLE_IDENTIFIER = com.baker.FruitTracker;
				PRODUCT_NAME = "$(TARGET_NAME)";
				SWIFT_EMIT_LOC_STRINGS = YES;
				SWIFT_VERSION = 5.0;
				TARGETED_DEVICE_FAMILY = "1,2";
			};
			name = Release;
		};
/* End XCBuildConfiguration section */

/* Begin XCConfigurationList section */
		EFB3E1A4291E502400EA0747 /* Build configuration list for PBXProject "FruitTracker" */ = {
			isa = XCConfigurationList;
			buildConfigurations = (
				EFB3E1B5291E502500EA0747 /* Debug */,
				EFB3E1B6291E502500EA0747 /* Release */,
			);
			defaultConfigurationIsVisible = 0;
			defaultConfigurationName = Release;
		};
		EFB3E1B7291E502500EA0747 /* Build configuration list for PBXNativeTarget "FruitTracker" */ = {
			isa = XCConfigurationList;
			buildConfigurations = (
				EFB3E1B8291E502500EA0747 /* Debug */,
				EFB3E1B9291E502500EA0747 /* Release */,
			);
			defaultConfigurationIsVisible = 0;
			defaultConfigurationName = Release;
		};
/* End XCConfigurationList section */
	};
	rootObject = EFB3E1A1291E502400EA0747 /* Project object */;
}
